// !$*UTF8*$!
{
	archiveVersion = 1;
	classes = {
	};
	objectVersion = 56;
	objects = {

/* Begin PBXBuildFile section */
		C85D1D442B56AD06006F39B1 /* AppDelegate.swift in Sources */ = {isa = PBXBuildFile; fileRef = C85D1D432B56AD06006F39B1 /* AppDelegate.swift */; };
		C85D1D462B56AD06006F39B1 /* SceneDelegate.swift in Sources */ = {isa = PBXBuildFile; fileRef = C85D1D452B56AD06006F39B1 /* SceneDelegate.swift */; };
		C85D1D4D2B56AD07006F39B1 /* Assets.xcassets in Resources */ = {isa = PBXBuildFile; fileRef = C85D1D4C2B56AD07006F39B1 /* Assets.xcassets */; };
		C85D1D502B56AD07006F39B1 /* LaunchScreen.storyboard in Resources */ = {isa = PBXBuildFile; fileRef = C85D1D4E2B56AD07006F39B1 /* LaunchScreen.storyboard */; };
		C85D1D5B2B56AD07006F39B1 /* ADVATests.swift in Sources */ = {isa = PBXBuildFile; fileRef = C85D1D5A2B56AD07006F39B1 /* ADVATests.swift */; };
		C85D1D652B56AD07006F39B1 /* ADVAUITests.swift in Sources */ = {isa = PBXBuildFile; fileRef = C85D1D642B56AD07006F39B1 /* ADVAUITests.swift */; };
		C85D1D672B56AD07006F39B1 /* ADVAUITestsLaunchTests.swift in Sources */ = {isa = PBXBuildFile; fileRef = C85D1D662B56AD07006F39B1 /* ADVAUITestsLaunchTests.swift */; };
		C85D1D7C2B56AE03006F39B1 /* SplashVC.swift in Sources */ = {isa = PBXBuildFile; fileRef = C85D1D7A2B56AE03006F39B1 /* SplashVC.swift */; };
		C85D1D7D2B56AE03006F39B1 /* SplashVC.xib in Resources */ = {isa = PBXBuildFile; fileRef = C85D1D7B2B56AE03006F39B1 /* SplashVC.xib */; };
		C85D1D852B56B0C5006F39B1 /* SplachViewModel.swift in Sources */ = {isa = PBXBuildFile; fileRef = C85D1D842B56B0C5006F39B1 /* SplachViewModel.swift */; };
		C85D1D872B56CC8E006F39B1 /* UIView + Extensions.swift in Sources */ = {isa = PBXBuildFile; fileRef = C85D1D862B56CC8E006F39B1 /* UIView + Extensions.swift */; };
		C85D1D892B56CCC9006F39B1 /* UIImageView + Extensions.swift in Sources */ = {isa = PBXBuildFile; fileRef = C85D1D882B56CCC9006F39B1 /* UIImageView + Extensions.swift */; };
		C85D1D8D2B56D70D006F39B1 /* RxCocoa in Frameworks */ = {isa = PBXBuildFile; productRef = C85D1D8C2B56D70D006F39B1 /* RxCocoa */; };
		C85D1D8F2B56D70D006F39B1 /* RxRelay in Frameworks */ = {isa = PBXBuildFile; productRef = C85D1D8E2B56D70D006F39B1 /* RxRelay */; };
		C85D1D912B56D70D006F39B1 /* RxSwift in Frameworks */ = {isa = PBXBuildFile; productRef = C85D1D902B56D70D006F39B1 /* RxSwift */; };
		C85D1D9B2B571097006F39B1 /* PhotosVC.swift in Sources */ = {isa = PBXBuildFile; fileRef = C85D1D992B571097006F39B1 /* PhotosVC.swift */; };
		C85D1D9C2B571097006F39B1 /* PhotosVC.xib in Resources */ = {isa = PBXBuildFile; fileRef = C85D1D9A2B571097006F39B1 /* PhotosVC.xib */; };
		C85D1DB22B57CA05006F39B1 /* SDWebImage in Frameworks */ = {isa = PBXBuildFile; productRef = C85D1DB12B57CA05006F39B1 /* SDWebImage */; };
		C85D1DC62B5823B3006F39B1 /* AlbumsVC.xib in Resources */ = {isa = PBXBuildFile; fileRef = C85D1DBD2B5821C3006F39B1 /* AlbumsVC.xib */; };
		C85D1DC72B5823B3006F39B1 /* AlbumsVC.swift in Sources */ = {isa = PBXBuildFile; fileRef = C85D1DBC2B5821C3006F39B1 /* AlbumsVC.swift */; };
		C8B95BD82B5BA1D900F598D4 /* ConfigurationManager.swift in Sources */ = {isa = PBXBuildFile; fileRef = C8B95BD72B5BA1D900F598D4 /* ConfigurationManager.swift */; };
		C8B95BDB2B5BA25700F598D4 /* Configuration.plist in Resources */ = {isa = PBXBuildFile; fileRef = C8B95BDA2B5BA25700F598D4 /* Configuration.plist */; };
		C8B95BDD2B5BA39700F598D4 /* NetworkService.swift in Sources */ = {isa = PBXBuildFile; fileRef = C8B95BDC2B5BA39700F598D4 /* NetworkService.swift */; };
		C8B95BDF2B5BA68700F598D4 /* PhotosViewModel.swift in Sources */ = {isa = PBXBuildFile; fileRef = C8B95BDE2B5BA68700F598D4 /* PhotosViewModel.swift */; };
		C8B95BE12B5BA82700F598D4 /* PhotosResponse.swift in Sources */ = {isa = PBXBuildFile; fileRef = C8B95BE02B5BA82700F598D4 /* PhotosResponse.swift */; };
		C8B95BE32B5BABBC00F598D4 /* AlbumsViewModel.swift in Sources */ = {isa = PBXBuildFile; fileRef = C8B95BE22B5BABBC00F598D4 /* AlbumsViewModel.swift */; };
		C8B95BE52B5BABF200F598D4 /* AlbumsResponse.swift in Sources */ = {isa = PBXBuildFile; fileRef = C8B95BE42B5BABF200F598D4 /* AlbumsResponse.swift */; };
		C8B95BE82B5BACA200F598D4 /* CollectionViewLayouts.swift in Sources */ = {isa = PBXBuildFile; fileRef = C8B95BE72B5BACA200F598D4 /* CollectionViewLayouts.swift */; };
		C8B95BF32B5BE3EA00F598D4 /* PhotoDetails.swift in Sources */ = {isa = PBXBuildFile; fileRef = C8B95BF12B5BE3EA00F598D4 /* PhotoDetails.swift */; };
		C8B95BF42B5BE3EA00F598D4 /* PhotoDetails.xib in Resources */ = {isa = PBXBuildFile; fileRef = C8B95BF22B5BE3EA00F598D4 /* PhotoDetails.xib */; };
		C8B95BF62B5BF83600F598D4 /* SplachViewModelTests.swift in Sources */ = {isa = PBXBuildFile; fileRef = C8B95BF52B5BF83600F598D4 /* SplachViewModelTests.swift */; };
		C8B95BFA2B5BFADA00F598D4 /* MockSplachViewModel.swift in Sources */ = {isa = PBXBuildFile; fileRef = C8B95BF92B5BFADA00F598D4 /* MockSplachViewModel.swift */; };
		C8C97EE72B5CF62700DF7A55 /* UIViewController + Extensions.swift in Sources */ = {isa = PBXBuildFile; fileRef = C8C97EE62B5CF62700DF7A55 /* UIViewController + Extensions.swift */; };
		C8C97EE92B5CF8B100DF7A55 /* MainTabBarController.swift in Sources */ = {isa = PBXBuildFile; fileRef = C8C97EE82B5CF8B100DF7A55 /* MainTabBarController.swift */; };
		C8C97EEB2B5CF8D300DF7A55 /* PaddingLabel.swift in Sources */ = {isa = PBXBuildFile; fileRef = C8C97EEA2B5CF8D300DF7A55 /* PaddingLabel.swift */; };
		C8C97EED2B5CF94B00DF7A55 /* Colors.xcassets in Resources */ = {isa = PBXBuildFile; fileRef = C8C97EEC2B5CF94B00DF7A55 /* Colors.xcassets */; };
		C8C97EF02B5CF97B00DF7A55 /* AlbumCollectionViewCell.xib in Resources */ = {isa = PBXBuildFile; fileRef = C8C97EEE2B5CF97A00DF7A55 /* AlbumCollectionViewCell.xib */; };
		C8C97EF12B5CF97B00DF7A55 /* AlbumCollectionViewCell.swift in Sources */ = {isa = PBXBuildFile; fileRef = C8C97EEF2B5CF97A00DF7A55 /* AlbumCollectionViewCell.swift */; };
		C8C97EF42B5CF99900DF7A55 /* PhotosCollotionViewCell.swift in Sources */ = {isa = PBXBuildFile; fileRef = C8C97EF22B5CF99900DF7A55 /* PhotosCollotionViewCell.swift */; };
		C8C97EF52B5CF99900DF7A55 /* PhotosCollotionViewCell.xib in Resources */ = {isa = PBXBuildFile; fileRef = C8C97EF32B5CF99900DF7A55 /* PhotosCollotionViewCell.xib */; };
/* End PBXBuildFile section */

/* Begin PBXContainerItemProxy section */
		C85D1D572B56AD07006F39B1 /* PBXContainerItemProxy */ = {
			isa = PBXContainerItemProxy;
			containerPortal = C85D1D382B56AD06006F39B1 /* Project object */;
			proxyType = 1;
			remoteGlobalIDString = C85D1D3F2B56AD06006F39B1;
			remoteInfo = ADVA;
		};
		C85D1D612B56AD07006F39B1 /* PBXContainerItemProxy */ = {
			isa = PBXContainerItemProxy;
			containerPortal = C85D1D382B56AD06006F39B1 /* Project object */;
			proxyType = 1;
			remoteGlobalIDString = C85D1D3F2B56AD06006F39B1;
			remoteInfo = ADVA;
		};
/* End PBXContainerItemProxy section */

/* Begin PBXFileReference section */
		C85D1D402B56AD06006F39B1 /* ADVA.app */ = {isa = PBXFileReference; explicitFileType = wrapper.application; includeInIndex = 0; path = ADVA.app; sourceTree = BUILT_PRODUCTS_DIR; };
		C85D1D432B56AD06006F39B1 /* AppDelegate.swift */ = {isa = PBXFileReference; lastKnownFileType = sourcecode.swift; path = AppDelegate.swift; sourceTree = "<group>"; };
		C85D1D452B56AD06006F39B1 /* SceneDelegate.swift */ = {isa = PBXFileReference; lastKnownFileType = sourcecode.swift; path = SceneDelegate.swift; sourceTree = "<group>"; };
		C85D1D4C2B56AD07006F39B1 /* Assets.xcassets */ = {isa = PBXFileReference; lastKnownFileType = folder.assetcatalog; path = Assets.xcassets; sourceTree = "<group>"; };
		C85D1D4F2B56AD07006F39B1 /* Base */ = {isa = PBXFileReference; lastKnownFileType = file.storyboard; name = Base; path = Base.lproj/LaunchScreen.storyboard; sourceTree = "<group>"; };
		C85D1D512B56AD07006F39B1 /* Info.plist */ = {isa = PBXFileReference; lastKnownFileType = text.plist.xml; path = Info.plist; sourceTree = "<group>"; };
		C85D1D562B56AD07006F39B1 /* ADVATests.xctest */ = {isa = PBXFileReference; explicitFileType = wrapper.cfbundle; includeInIndex = 0; path = ADVATests.xctest; sourceTree = BUILT_PRODUCTS_DIR; };
		C85D1D5A2B56AD07006F39B1 /* ADVATests.swift */ = {isa = PBXFileReference; lastKnownFileType = sourcecode.swift; path = ADVATests.swift; sourceTree = "<group>"; };
		C85D1D602B56AD07006F39B1 /* ADVAUITests.xctest */ = {isa = PBXFileReference; explicitFileType = wrapper.cfbundle; includeInIndex = 0; path = ADVAUITests.xctest; sourceTree = BUILT_PRODUCTS_DIR; };
		C85D1D642B56AD07006F39B1 /* ADVAUITests.swift */ = {isa = PBXFileReference; lastKnownFileType = sourcecode.swift; path = ADVAUITests.swift; sourceTree = "<group>"; };
		C85D1D662B56AD07006F39B1 /* ADVAUITestsLaunchTests.swift */ = {isa = PBXFileReference; lastKnownFileType = sourcecode.swift; path = ADVAUITestsLaunchTests.swift; sourceTree = "<group>"; };
		C85D1D7A2B56AE03006F39B1 /* SplashVC.swift */ = {isa = PBXFileReference; lastKnownFileType = sourcecode.swift; path = SplashVC.swift; sourceTree = "<group>"; };
		C85D1D7B2B56AE03006F39B1 /* SplashVC.xib */ = {isa = PBXFileReference; lastKnownFileType = file.xib; path = SplashVC.xib; sourceTree = "<group>"; };
		C85D1D842B56B0C5006F39B1 /* SplachViewModel.swift */ = {isa = PBXFileReference; lastKnownFileType = sourcecode.swift; path = SplachViewModel.swift; sourceTree = "<group>"; };
		C85D1D862B56CC8E006F39B1 /* UIView + Extensions.swift */ = {isa = PBXFileReference; lastKnownFileType = sourcecode.swift; path = "UIView + Extensions.swift"; sourceTree = "<group>"; };
		C85D1D882B56CCC9006F39B1 /* UIImageView + Extensions.swift */ = {isa = PBXFileReference; lastKnownFileType = sourcecode.swift; path = "UIImageView + Extensions.swift"; sourceTree = "<group>"; };
		C85D1D992B571097006F39B1 /* PhotosVC.swift */ = {isa = PBXFileReference; lastKnownFileType = sourcecode.swift; path = PhotosVC.swift; sourceTree = "<group>"; };
		C85D1D9A2B571097006F39B1 /* PhotosVC.xib */ = {isa = PBXFileReference; lastKnownFileType = file.xib; path = PhotosVC.xib; sourceTree = "<group>"; };
		C85D1DBC2B5821C3006F39B1 /* AlbumsVC.swift */ = {isa = PBXFileReference; lastKnownFileType = sourcecode.swift; path = AlbumsVC.swift; sourceTree = "<group>"; };
		C85D1DBD2B5821C3006F39B1 /* AlbumsVC.xib */ = {isa = PBXFileReference; lastKnownFileType = file.xib; path = AlbumsVC.xib; sourceTree = "<group>"; };
		C8B95BD72B5BA1D900F598D4 /* ConfigurationManager.swift */ = {isa = PBXFileReference; lastKnownFileType = sourcecode.swift; path = ConfigurationManager.swift; sourceTree = "<group>"; };
		C8B95BDA2B5BA25700F598D4 /* Configuration.plist */ = {isa = PBXFileReference; lastKnownFileType = text.plist.xml; path = Configuration.plist; sourceTree = "<group>"; };
		C8B95BDC2B5BA39700F598D4 /* NetworkService.swift */ = {isa = PBXFileReference; lastKnownFileType = sourcecode.swift; path = NetworkService.swift; sourceTree = "<group>"; };
		C8B95BDE2B5BA68700F598D4 /* PhotosViewModel.swift */ = {isa = PBXFileReference; lastKnownFileType = sourcecode.swift; path = PhotosViewModel.swift; sourceTree = "<group>"; };
		C8B95BE02B5BA82700F598D4 /* PhotosResponse.swift */ = {isa = PBXFileReference; lastKnownFileType = sourcecode.swift; path = PhotosResponse.swift; sourceTree = "<group>"; };
		C8B95BE22B5BABBC00F598D4 /* AlbumsViewModel.swift */ = {isa = PBXFileReference; lastKnownFileType = sourcecode.swift; path = AlbumsViewModel.swift; sourceTree = "<group>"; };
		C8B95BE42B5BABF200F598D4 /* AlbumsResponse.swift */ = {isa = PBXFileReference; lastKnownFileType = sourcecode.swift; path = AlbumsResponse.swift; sourceTree = "<group>"; };
		C8B95BE72B5BACA200F598D4 /* CollectionViewLayouts.swift */ = {isa = PBXFileReference; lastKnownFileType = sourcecode.swift; path = CollectionViewLayouts.swift; sourceTree = "<group>"; };
		C8B95BF12B5BE3EA00F598D4 /* PhotoDetails.swift */ = {isa = PBXFileReference; lastKnownFileType = sourcecode.swift; path = PhotoDetails.swift; sourceTree = "<group>"; };
		C8B95BF22B5BE3EA00F598D4 /* PhotoDetails.xib */ = {isa = PBXFileReference; lastKnownFileType = file.xib; path = PhotoDetails.xib; sourceTree = "<group>"; };
		C8B95BF52B5BF83600F598D4 /* SplachViewModelTests.swift */ = {isa = PBXFileReference; lastKnownFileType = sourcecode.swift; path = SplachViewModelTests.swift; sourceTree = "<group>"; };
		C8B95BF92B5BFADA00F598D4 /* MockSplachViewModel.swift */ = {isa = PBXFileReference; lastKnownFileType = sourcecode.swift; path = MockSplachViewModel.swift; sourceTree = "<group>"; };
		C8C97EE62B5CF62700DF7A55 /* UIViewController + Extensions.swift */ = {isa = PBXFileReference; lastKnownFileType = sourcecode.swift; path = "UIViewController + Extensions.swift"; sourceTree = "<group>"; };
		C8C97EE82B5CF8B100DF7A55 /* MainTabBarController.swift */ = {isa = PBXFileReference; lastKnownFileType = sourcecode.swift; path = MainTabBarController.swift; sourceTree = "<group>"; };
		C8C97EEA2B5CF8D300DF7A55 /* PaddingLabel.swift */ = {isa = PBXFileReference; lastKnownFileType = sourcecode.swift; path = PaddingLabel.swift; sourceTree = "<group>"; };
		C8C97EEC2B5CF94B00DF7A55 /* Colors.xcassets */ = {isa = PBXFileReference; lastKnownFileType = folder.assetcatalog; path = Colors.xcassets; sourceTree = "<group>"; };
		C8C97EEE2B5CF97A00DF7A55 /* AlbumCollectionViewCell.xib */ = {isa = PBXFileReference; fileEncoding = 4; lastKnownFileType = file.xib; path = AlbumCollectionViewCell.xib; sourceTree = "<group>"; };
		C8C97EEF2B5CF97A00DF7A55 /* AlbumCollectionViewCell.swift */ = {isa = PBXFileReference; fileEncoding = 4; lastKnownFileType = sourcecode.swift; path = AlbumCollectionViewCell.swift; sourceTree = "<group>"; };
		C8C97EF22B5CF99900DF7A55 /* PhotosCollotionViewCell.swift */ = {isa = PBXFileReference; fileEncoding = 4; lastKnownFileType = sourcecode.swift; path = PhotosCollotionViewCell.swift; sourceTree = "<group>"; };
		C8C97EF32B5CF99900DF7A55 /* PhotosCollotionViewCell.xib */ = {isa = PBXFileReference; fileEncoding = 4; lastKnownFileType = file.xib; path = PhotosCollotionViewCell.xib; sourceTree = "<group>"; };
/* End PBXFileReference section */

/* Begin PBXFrameworksBuildPhase section */
		C85D1D3D2B56AD06006F39B1 /* Frameworks */ = {
			isa = PBXFrameworksBuildPhase;
			buildActionMask = 2147483647;
			files = (
				C85D1D912B56D70D006F39B1 /* RxSwift in Frameworks */,
				C85D1D8F2B56D70D006F39B1 /* RxRelay in Frameworks */,
				C85D1DB22B57CA05006F39B1 /* SDWebImage in Frameworks */,
				C85D1D8D2B56D70D006F39B1 /* RxCocoa in Frameworks */,
			);
			runOnlyForDeploymentPostprocessing = 0;
		};
		C85D1D532B56AD07006F39B1 /* Frameworks */ = {
			isa = PBXFrameworksBuildPhase;
			buildActionMask = 2147483647;
			files = (
			);
			runOnlyForDeploymentPostprocessing = 0;
		};
		C85D1D5D2B56AD07006F39B1 /* Frameworks */ = {
			isa = PBXFrameworksBuildPhase;
			buildActionMask = 2147483647;
			files = (
			);
			runOnlyForDeploymentPostprocessing = 0;
		};
/* End PBXFrameworksBuildPhase section */

/* Begin PBXGroup section */
		C85D1D372B56AD06006F39B1 = {
			isa = PBXGroup;
			children = (
				C85D1D422B56AD06006F39B1 /* ADVA */,
				C85D1D592B56AD07006F39B1 /* ADVATests */,
				C85D1D632B56AD07006F39B1 /* ADVAUITests */,
				C85D1D412B56AD06006F39B1 /* Products */,
			);
			sourceTree = "<group>";
		};
		C85D1D412B56AD06006F39B1 /* Products */ = {
			isa = PBXGroup;
			children = (
				C85D1D402B56AD06006F39B1 /* ADVA.app */,
				C85D1D562B56AD07006F39B1 /* ADVATests.xctest */,
				C85D1D602B56AD07006F39B1 /* ADVAUITests.xctest */,
			);
			name = Products;
			sourceTree = "<group>";
		};
		C85D1D422B56AD06006F39B1 /* ADVA */ = {
			isa = PBXGroup;
			children = (
				C85D1D782B56AD32006F39B1 /* Core */,
				C85D1D772B56AD2F006F39B1 /* Managers */,
				C85D1D732B56AD23006F39B1 /* Networking */,
				C85D1D762B56AD2B006F39B1 /* Utilites */,
				C8B95BE62B5BAC8000F598D4 /* Helpers */,
				C85D1D752B56AD28006F39B1 /* Resources */,
				C85D1D742B56AD26006F39B1 /* Modules */,
			);
			path = ADVA;
			sourceTree = "<group>";
		};
		C85D1D592B56AD07006F39B1 /* ADVATests */ = {
			isa = PBXGroup;
			children = (
				C85D1D5A2B56AD07006F39B1 /* ADVATests.swift */,
				C8B95BF52B5BF83600F598D4 /* SplachViewModelTests.swift */,
				C8B95BF92B5BFADA00F598D4 /* MockSplachViewModel.swift */,
			);
			path = ADVATests;
			sourceTree = "<group>";
		};
		C85D1D632B56AD07006F39B1 /* ADVAUITests */ = {
			isa = PBXGroup;
			children = (
				C85D1D642B56AD07006F39B1 /* ADVAUITests.swift */,
				C85D1D662B56AD07006F39B1 /* ADVAUITestsLaunchTests.swift */,
			);
			path = ADVAUITests;
			sourceTree = "<group>";
		};
		C85D1D732B56AD23006F39B1 /* Networking */ = {
			isa = PBXGroup;
			children = (
				C8B95BDC2B5BA39700F598D4 /* NetworkService.swift */,
			);
			path = Networking;
			sourceTree = "<group>";
		};
		C85D1D742B56AD26006F39B1 /* Modules */ = {
			isa = PBXGroup;
			children = (
				C85D1D792B56ADE9006F39B1 /* WelcomeModule */,
				C85D1D7E2B56AE0E006F39B1 /* HomeModule */,
			);
			path = Modules;
			sourceTree = "<group>";
		};
		C85D1D752B56AD28006F39B1 /* Resources */ = {
			isa = PBXGroup;
			children = (
				C8C97EEC2B5CF94B00DF7A55 /* Colors.xcassets */,
				C85D1D4C2B56AD07006F39B1 /* Assets.xcassets */,
				C85D1D512B56AD07006F39B1 /* Info.plist */,
				C8B95BDA2B5BA25700F598D4 /* Configuration.plist */,
				C85D1D4E2B56AD07006F39B1 /* LaunchScreen.storyboard */,
			);
			path = Resources;
			sourceTree = "<group>";
		};
		C85D1D762B56AD2B006F39B1 /* Utilites */ = {
			isa = PBXGroup;
			children = (
				C85D1DB52B57D593006F39B1 /* ReusableComponants */,
				C85D1D862B56CC8E006F39B1 /* UIView + Extensions.swift */,
				C85D1D882B56CCC9006F39B1 /* UIImageView + Extensions.swift */,
				C8C97EE62B5CF62700DF7A55 /* UIViewController + Extensions.swift */,
			);
			path = Utilites;
			sourceTree = "<group>";
		};
		C85D1D772B56AD2F006F39B1 /* Managers */ = {
			isa = PBXGroup;
			children = (
				C8B95BD72B5BA1D900F598D4 /* ConfigurationManager.swift */,
			);
			path = Managers;
			sourceTree = "<group>";
		};
		C85D1D782B56AD32006F39B1 /* Core */ = {
			isa = PBXGroup;
			children = (
				C85D1D432B56AD06006F39B1 /* AppDelegate.swift */,
				C85D1D452B56AD06006F39B1 /* SceneDelegate.swift */,
			);
			path = Core;
			sourceTree = "<group>";
		};
		C85D1D792B56ADE9006F39B1 /* WelcomeModule */ = {
			isa = PBXGroup;
			children = (
				C85D1D822B56B07C006F39B1 /* Model */,
				C85D1D812B56B070006F39B1 /* ViewController */,
				C85D1D832B56B084006F39B1 /* ViewModel */,
			);
			path = WelcomeModule;
			sourceTree = "<group>";
		};
		C85D1D7E2B56AE0E006F39B1 /* HomeModule */ = {
			isa = PBXGroup;
			children = (
				C8B95BEC2B5BE37C00F598D4 /* PhotoDetails */,
				C85D1DA02B571CC9006F39B1 /* MainTabBar */,
				C85D1DA22B571D07006F39B1 /* AlbumsVC */,
				C85D1DA12B571CDB006F39B1 /* PhotosVC */,
			);
			path = HomeModule;
			sourceTree = "<group>";
		};
		C85D1D812B56B070006F39B1 /* ViewController */ = {
			isa = PBXGroup;
			children = (
				C85D1D7A2B56AE03006F39B1 /* SplashVC.swift */,
				C85D1D7B2B56AE03006F39B1 /* SplashVC.xib */,
			);
			path = ViewController;
			sourceTree = "<group>";
		};
		C85D1D822B56B07C006F39B1 /* Model */ = {
			isa = PBXGroup;
			children = (
			);
			path = Model;
			sourceTree = "<group>";
		};
		C85D1D832B56B084006F39B1 /* ViewModel */ = {
			isa = PBXGroup;
			children = (
				C85D1D842B56B0C5006F39B1 /* SplachViewModel.swift */,
			);
			path = ViewModel;
			sourceTree = "<group>";
		};
		C85D1D932B571027006F39B1 /* Model */ = {
			isa = PBXGroup;
			children = (
				C8B95BE02B5BA82700F598D4 /* PhotosResponse.swift */,
			);
			path = Model;
			sourceTree = "<group>";
		};
		C85D1D982B571061006F39B1 /* View */ = {
			isa = PBXGroup;
			children = (
				C85D1D9F2B571CBD006F39B1 /* ViewController */,
				C85D1DAA2B57BE74006F39B1 /* CollectionViewCells */,
			);
			path = View;
			sourceTree = "<group>";
		};
		C85D1D9F2B571CBD006F39B1 /* ViewController */ = {
			isa = PBXGroup;
			children = (
				C85D1D992B571097006F39B1 /* PhotosVC.swift */,
				C85D1D9A2B571097006F39B1 /* PhotosVC.xib */,
			);
			path = ViewController;
			sourceTree = "<group>";
		};
		C85D1DA02B571CC9006F39B1 /* MainTabBar */ = {
			isa = PBXGroup;
			children = (
				C8C97EE82B5CF8B100DF7A55 /* MainTabBarController.swift */,
			);
			path = MainTabBar;
			sourceTree = "<group>";
		};
		C85D1DA12B571CDB006F39B1 /* PhotosVC */ = {
			isa = PBXGroup;
			children = (
				C85D1D932B571027006F39B1 /* Model */,
				C85D1D982B571061006F39B1 /* View */,
				C85D1DA92B57BE64006F39B1 /* ViewModel */,
			);
			path = PhotosVC;
			sourceTree = "<group>";
		};
		C85D1DA22B571D07006F39B1 /* AlbumsVC */ = {
			isa = PBXGroup;
			children = (
				C85D1DBE2B5821E6006F39B1 /* Model */,
				C85D1DBF2B5821ED006F39B1 /* View */,
				C85D1DB82B58219A006F39B1 /* ViewModel */,
			);
			path = AlbumsVC;
			sourceTree = "<group>";
		};
		C85D1DA92B57BE64006F39B1 /* ViewModel */ = {
			isa = PBXGroup;
			children = (
				C8B95BDE2B5BA68700F598D4 /* PhotosViewModel.swift */,
			);
			path = ViewModel;
			sourceTree = "<group>";
		};
		C85D1DAA2B57BE74006F39B1 /* CollectionViewCells */ = {
			isa = PBXGroup;
			children = (
				C85D1DAB2B57BE85006F39B1 /* PhotosCollotionViewCell */,
			);
			path = CollectionViewCells;
			sourceTree = "<group>";
		};
		C85D1DAB2B57BE85006F39B1 /* PhotosCollotionViewCell */ = {
			isa = PBXGroup;
			children = (
				C8C97EF22B5CF99900DF7A55 /* PhotosCollotionViewCell.swift */,
				C8C97EF32B5CF99900DF7A55 /* PhotosCollotionViewCell.xib */,
			);
			path = PhotosCollotionViewCell;
			sourceTree = "<group>";
		};
		C85D1DB52B57D593006F39B1 /* ReusableComponants */ = {
			isa = PBXGroup;
			children = (
				C8C97EEA2B5CF8D300DF7A55 /* PaddingLabel.swift */,
			);
			path = ReusableComponants;
			sourceTree = "<group>";
		};
		C85D1DB82B58219A006F39B1 /* ViewModel */ = {
			isa = PBXGroup;
			children = (
				C8B95BE22B5BABBC00F598D4 /* AlbumsViewModel.swift */,
			);
			path = ViewModel;
			sourceTree = "<group>";
		};
		C85D1DBB2B5821C3006F39B1 /* ViewController */ = {
			isa = PBXGroup;
			children = (
				C85D1DBC2B5821C3006F39B1 /* AlbumsVC.swift */,
				C85D1DBD2B5821C3006F39B1 /* AlbumsVC.xib */,
			);
			path = ViewController;
			sourceTree = "<group>";
		};
		C85D1DBE2B5821E6006F39B1 /* Model */ = {
			isa = PBXGroup;
			children = (
				C8B95BE42B5BABF200F598D4 /* AlbumsResponse.swift */,
			);
			path = Model;
			sourceTree = "<group>";
		};
		C85D1DBF2B5821ED006F39B1 /* View */ = {
			isa = PBXGroup;
			children = (
				C85D1DBB2B5821C3006F39B1 /* ViewController */,
				C85D1DC02B58222E006F39B1 /* CollectionViewCells */,
			);
			path = View;
			sourceTree = "<group>";
		};
		C85D1DC02B58222E006F39B1 /* CollectionViewCells */ = {
			isa = PBXGroup;
			children = (
				C85D1DC12B582255006F39B1 /* AlbumCollectionViewCell */,
			);
			path = CollectionViewCells;
			sourceTree = "<group>";
		};
		C85D1DC12B582255006F39B1 /* AlbumCollectionViewCell */ = {
			isa = PBXGroup;
			children = (
				C8C97EEF2B5CF97A00DF7A55 /* AlbumCollectionViewCell.swift */,
				C8C97EEE2B5CF97A00DF7A55 /* AlbumCollectionViewCell.xib */,
			);
			path = AlbumCollectionViewCell;
			sourceTree = "<group>";
		};
		C8B95BE62B5BAC8000F598D4 /* Helpers */ = {
			isa = PBXGroup;
			children = (
				C8B95BE72B5BACA200F598D4 /* CollectionViewLayouts.swift */,
			);
			path = Helpers;
			sourceTree = "<group>";
		};
		C8B95BEC2B5BE37C00F598D4 /* PhotoDetails */ = {
			isa = PBXGroup;
			children = (
				C8B95BEF2B5BE3BF00F598D4 /* Model */,
				C8B95BEE2B5BE3BC00F598D4 /* View */,
				C8B95BED2B5BE3B800F598D4 /* ViewModel */,
			);
			path = PhotoDetails;
			sourceTree = "<group>";
		};
		C8B95BED2B5BE3B800F598D4 /* ViewModel */ = {
			isa = PBXGroup;
			children = (
			);
			path = ViewModel;
			sourceTree = "<group>";
		};
		C8B95BEE2B5BE3BC00F598D4 /* View */ = {
			isa = PBXGroup;
			children = (
				C8B95BF02B5BE3C200F598D4 /* ViewController */,
			);
			path = View;
			sourceTree = "<group>";
		};
		C8B95BEF2B5BE3BF00F598D4 /* Model */ = {
			isa = PBXGroup;
			children = (
			);
			path = Model;
			sourceTree = "<group>";
		};
		C8B95BF02B5BE3C200F598D4 /* ViewController */ = {
			isa = PBXGroup;
			children = (
				C8B95BF12B5BE3EA00F598D4 /* PhotoDetails.swift */,
				C8B95BF22B5BE3EA00F598D4 /* PhotoDetails.xib */,
			);
			path = ViewController;
			sourceTree = "<group>";
		};
/* End PBXGroup section */

/* Begin PBXNativeTarget section */
		C85D1D3F2B56AD06006F39B1 /* ADVA */ = {
			isa = PBXNativeTarget;
			buildConfigurationList = C85D1D6A2B56AD07006F39B1 /* Build configuration list for PBXNativeTarget "ADVA" */;
			buildPhases = (
				C85D1D3C2B56AD06006F39B1 /* Sources */,
				C85D1D3D2B56AD06006F39B1 /* Frameworks */,
				C85D1D3E2B56AD06006F39B1 /* Resources */,
			);
			buildRules = (
			);
			dependencies = (
			);
			name = ADVA;
			packageProductDependencies = (
				C85D1D8C2B56D70D006F39B1 /* RxCocoa */,
				C85D1D8E2B56D70D006F39B1 /* RxRelay */,
				C85D1D902B56D70D006F39B1 /* RxSwift */,
				C85D1DB12B57CA05006F39B1 /* SDWebImage */,
			);
			productName = ADVA;
			productReference = C85D1D402B56AD06006F39B1 /* ADVA.app */;
			productType = "com.apple.product-type.application";
		};
		C85D1D552B56AD07006F39B1 /* ADVATests */ = {
			isa = PBXNativeTarget;
			buildConfigurationList = C85D1D6D2B56AD07006F39B1 /* Build configuration list for PBXNativeTarget "ADVATests" */;
			buildPhases = (
				C85D1D522B56AD07006F39B1 /* Sources */,
				C85D1D532B56AD07006F39B1 /* Frameworks */,
				C85D1D542B56AD07006F39B1 /* Resources */,
			);
			buildRules = (
			);
			dependencies = (
				C85D1D582B56AD07006F39B1 /* PBXTargetDependency */,
			);
			name = ADVATests;
			productName = ADVATests;
			productReference = C85D1D562B56AD07006F39B1 /* ADVATests.xctest */;
			productType = "com.apple.product-type.bundle.unit-test";
		};
		C85D1D5F2B56AD07006F39B1 /* ADVAUITests */ = {
			isa = PBXNativeTarget;
			buildConfigurationList = C85D1D702B56AD07006F39B1 /* Build configuration list for PBXNativeTarget "ADVAUITests" */;
			buildPhases = (
				C85D1D5C2B56AD07006F39B1 /* Sources */,
				C85D1D5D2B56AD07006F39B1 /* Frameworks */,
				C85D1D5E2B56AD07006F39B1 /* Resources */,
			);
			buildRules = (
			);
			dependencies = (
				C85D1D622B56AD07006F39B1 /* PBXTargetDependency */,
			);
			name = ADVAUITests;
			productName = ADVAUITests;
			productReference = C85D1D602B56AD07006F39B1 /* ADVAUITests.xctest */;
			productType = "com.apple.product-type.bundle.ui-testing";
		};
/* End PBXNativeTarget section */

/* Begin PBXProject section */
		C85D1D382B56AD06006F39B1 /* Project object */ = {
			isa = PBXProject;
			attributes = {
				BuildIndependentTargetsInParallel = 1;
				LastSwiftUpdateCheck = 1510;
				LastUpgradeCheck = 1510;
				TargetAttributes = {
					C85D1D3F2B56AD06006F39B1 = {
						CreatedOnToolsVersion = 15.1;
					};
					C85D1D552B56AD07006F39B1 = {
						CreatedOnToolsVersion = 15.1;
						TestTargetID = C85D1D3F2B56AD06006F39B1;
					};
					C85D1D5F2B56AD07006F39B1 = {
						CreatedOnToolsVersion = 15.1;
						TestTargetID = C85D1D3F2B56AD06006F39B1;
					};
				};
			};
			buildConfigurationList = C85D1D3B2B56AD06006F39B1 /* Build configuration list for PBXProject "ADVA" */;
			compatibilityVersion = "Xcode 14.0";
			developmentRegion = en;
			hasScannedForEncodings = 0;
			knownRegions = (
				en,
				Base,
			);
			mainGroup = C85D1D372B56AD06006F39B1;
			packageReferences = (
				C85D1D8B2B56D70D006F39B1 /* XCRemoteSwiftPackageReference "RxSwift" */,
				C85D1DB02B57CA05006F39B1 /* XCRemoteSwiftPackageReference "SDWebImage" */,
			);
			productRefGroup = C85D1D412B56AD06006F39B1 /* Products */;
			projectDirPath = "";
			projectRoot = "";
			targets = (
				C85D1D3F2B56AD06006F39B1 /* ADVA */,
				C85D1D552B56AD07006F39B1 /* ADVATests */,
				C85D1D5F2B56AD07006F39B1 /* ADVAUITests */,
			);
		};
/* End PBXProject section */

/* Begin PBXResourcesBuildPhase section */
		C85D1D3E2B56AD06006F39B1 /* Resources */ = {
			isa = PBXResourcesBuildPhase;
			buildActionMask = 2147483647;
			files = (
				C85D1D502B56AD07006F39B1 /* LaunchScreen.storyboard in Resources */,
				C85D1DC62B5823B3006F39B1 /* AlbumsVC.xib in Resources */,
				C8C97EF52B5CF99900DF7A55 /* PhotosCollotionViewCell.xib in Resources */,
				C8B95BF42B5BE3EA00F598D4 /* PhotoDetails.xib in Resources */,
				C85D1D9C2B571097006F39B1 /* PhotosVC.xib in Resources */,
				C8C97EED2B5CF94B00DF7A55 /* Colors.xcassets in Resources */,
				C8C97EF02B5CF97B00DF7A55 /* AlbumCollectionViewCell.xib in Resources */,
				C8B95BDB2B5BA25700F598D4 /* Configuration.plist in Resources */,
				C85D1D7D2B56AE03006F39B1 /* SplashVC.xib in Resources */,
				C85D1D4D2B56AD07006F39B1 /* Assets.xcassets in Resources */,
			);
			runOnlyForDeploymentPostprocessing = 0;
		};
		C85D1D542B56AD07006F39B1 /* Resources */ = {
			isa = PBXResourcesBuildPhase;
			buildActionMask = 2147483647;
			files = (
			);
			runOnlyForDeploymentPostprocessing = 0;
		};
		C85D1D5E2B56AD07006F39B1 /* Resources */ = {
			isa = PBXResourcesBuildPhase;
			buildActionMask = 2147483647;
			files = (
			);
			runOnlyForDeploymentPostprocessing = 0;
		};
/* End PBXResourcesBuildPhase section */

/* Begin PBXSourcesBuildPhase section */
		C85D1D3C2B56AD06006F39B1 /* Sources */ = {
			isa = PBXSourcesBuildPhase;
			buildActionMask = 2147483647;
			files = (
				C8B95BE52B5BABF200F598D4 /* AlbumsResponse.swift in Sources */,
				C8B95BF32B5BE3EA00F598D4 /* PhotoDetails.swift in Sources */,
				C8B95BE12B5BA82700F598D4 /* PhotosResponse.swift in Sources */,
				C8B95BE32B5BABBC00F598D4 /* AlbumsViewModel.swift in Sources */,
				C85D1D852B56B0C5006F39B1 /* SplachViewModel.swift in Sources */,
				C85D1D9B2B571097006F39B1 /* PhotosVC.swift in Sources */,
				C85D1D442B56AD06006F39B1 /* AppDelegate.swift in Sources */,
				C85D1D462B56AD06006F39B1 /* SceneDelegate.swift in Sources */,
				C8C97EE72B5CF62700DF7A55 /* UIViewController + Extensions.swift in Sources */,
				C8B95BD82B5BA1D900F598D4 /* ConfigurationManager.swift in Sources */,
				C8B95BE82B5BACA200F598D4 /* CollectionViewLayouts.swift in Sources */,
				C85D1D892B56CCC9006F39B1 /* UIImageView + Extensions.swift in Sources */,
				C8B95BDF2B5BA68700F598D4 /* PhotosViewModel.swift in Sources */,
				C85D1DC72B5823B3006F39B1 /* AlbumsVC.swift in Sources */,
				C8C97EEB2B5CF8D300DF7A55 /* PaddingLabel.swift in Sources */,
				C8C97EF42B5CF99900DF7A55 /* PhotosCollotionViewCell.swift in Sources */,
				C8B95BDD2B5BA39700F598D4 /* NetworkService.swift in Sources */,
				C8C97EE92B5CF8B100DF7A55 /* MainTabBarController.swift in Sources */,
				C85D1D872B56CC8E006F39B1 /* UIView + Extensions.swift in Sources */,
				C8C97EF12B5CF97B00DF7A55 /* AlbumCollectionViewCell.swift in Sources */,
				C85D1D7C2B56AE03006F39B1 /* SplashVC.swift in Sources */,
			);
			runOnlyForDeploymentPostprocessing = 0;
		};
		C85D1D522B56AD07006F39B1 /* Sources */ = {
			isa = PBXSourcesBuildPhase;
			buildActionMask = 2147483647;
			files = (
				C85D1D5B2B56AD07006F39B1 /* ADVATests.swift in Sources */,
				C8B95BFA2B5BFADA00F598D4 /* MockSplachViewModel.swift in Sources */,
				C8B95BF62B5BF83600F598D4 /* SplachViewModelTests.swift in Sources */,
			);
			runOnlyForDeploymentPostprocessing = 0;
		};
		C85D1D5C2B56AD07006F39B1 /* Sources */ = {
			isa = PBXSourcesBuildPhase;
			buildActionMask = 2147483647;
			files = (
				C85D1D672B56AD07006F39B1 /* ADVAUITestsLaunchTests.swift in Sources */,
				C85D1D652B56AD07006F39B1 /* ADVAUITests.swift in Sources */,
			);
			runOnlyForDeploymentPostprocessing = 0;
		};
/* End PBXSourcesBuildPhase section */

/* Begin PBXTargetDependency section */
		C85D1D582B56AD07006F39B1 /* PBXTargetDependency */ = {
			isa = PBXTargetDependency;
			target = C85D1D3F2B56AD06006F39B1 /* ADVA */;
			targetProxy = C85D1D572B56AD07006F39B1 /* PBXContainerItemProxy */;
		};
		C85D1D622B56AD07006F39B1 /* PBXTargetDependency */ = {
			isa = PBXTargetDependency;
			target = C85D1D3F2B56AD06006F39B1 /* ADVA */;
			targetProxy = C85D1D612B56AD07006F39B1 /* PBXContainerItemProxy */;
		};
/* End PBXTargetDependency section */

/* Begin PBXVariantGroup section */
		C85D1D4E2B56AD07006F39B1 /* LaunchScreen.storyboard */ = {
			isa = PBXVariantGroup;
			children = (
				C85D1D4F2B56AD07006F39B1 /* Base */,
			);
			name = LaunchScreen.storyboard;
			sourceTree = "<group>";
		};
/* End PBXVariantGroup section */

/* Begin XCBuildConfiguration section */
		C85D1D682B56AD07006F39B1 /* Debug */ = {
			isa = XCBuildConfiguration;
			buildSettings = {
				ALWAYS_SEARCH_USER_PATHS = NO;
				ASSETCATALOG_COMPILER_GENERATE_SWIFT_ASSET_SYMBOL_EXTENSIONS = YES;
				CLANG_ANALYZER_NONNULL = YES;
				CLANG_ANALYZER_NUMBER_OBJECT_CONVERSION = YES_AGGRESSIVE;
				CLANG_CXX_LANGUAGE_STANDARD = "gnu++20";
				CLANG_ENABLE_MODULES = YES;
				CLANG_ENABLE_OBJC_ARC = YES;
				CLANG_ENABLE_OBJC_WEAK = YES;
				CLANG_WARN_BLOCK_CAPTURE_AUTORELEASING = YES;
				CLANG_WARN_BOOL_CONVERSION = YES;
				CLANG_WARN_COMMA = YES;
				CLANG_WARN_CONSTANT_CONVERSION = YES;
				CLANG_WARN_DEPRECATED_OBJC_IMPLEMENTATIONS = YES;
				CLANG_WARN_DIRECT_OBJC_ISA_USAGE = YES_ERROR;
				CLANG_WARN_DOCUMENTATION_COMMENTS = YES;
				CLANG_WARN_EMPTY_BODY = YES;
				CLANG_WARN_ENUM_CONVERSION = YES;
				CLANG_WARN_INFINITE_RECURSION = YES;
				CLANG_WARN_INT_CONVERSION = YES;
				CLANG_WARN_NON_LITERAL_NULL_CONVERSION = YES;
				CLANG_WARN_OBJC_IMPLICIT_RETAIN_SELF = YES;
				CLANG_WARN_OBJC_LITERAL_CONVERSION = YES;
				CLANG_WARN_OBJC_ROOT_CLASS = YES_ERROR;
				CLANG_WARN_QUOTED_INCLUDE_IN_FRAMEWORK_HEADER = YES;
				CLANG_WARN_RANGE_LOOP_ANALYSIS = YES;
				CLANG_WARN_STRICT_PROTOTYPES = YES;
				CLANG_WARN_SUSPICIOUS_MOVE = YES;
				CLANG_WARN_UNGUARDED_AVAILABILITY = YES_AGGRESSIVE;
				CLANG_WARN_UNREACHABLE_CODE = YES;
				CLANG_WARN__DUPLICATE_METHOD_MATCH = YES;
				COPY_PHASE_STRIP = NO;
				DEBUG_INFORMATION_FORMAT = dwarf;
				ENABLE_STRICT_OBJC_MSGSEND = YES;
				ENABLE_TESTABILITY = YES;
				ENABLE_USER_SCRIPT_SANDBOXING = YES;
				GCC_C_LANGUAGE_STANDARD = gnu17;
				GCC_DYNAMIC_NO_PIC = NO;
				GCC_NO_COMMON_BLOCKS = YES;
				GCC_OPTIMIZATION_LEVEL = 0;
				GCC_PREPROCESSOR_DEFINITIONS = (
					"DEBUG=1",
					"$(inherited)",
				);
				GCC_WARN_64_TO_32_BIT_CONVERSION = YES;
				GCC_WARN_ABOUT_RETURN_TYPE = YES_ERROR;
				GCC_WARN_UNDECLARED_SELECTOR = YES;
				GCC_WARN_UNINITIALIZED_AUTOS = YES_AGGRESSIVE;
				GCC_WARN_UNUSED_FUNCTION = YES;
				GCC_WARN_UNUSED_VARIABLE = YES;
				IPHONEOS_DEPLOYMENT_TARGET = 17.2;
				LOCALIZATION_PREFERS_STRING_CATALOGS = YES;
				MTL_ENABLE_DEBUG_INFO = INCLUDE_SOURCE;
				MTL_FAST_MATH = YES;
				ONLY_ACTIVE_ARCH = YES;
				SDKROOT = iphoneos;
				SWIFT_ACTIVE_COMPILATION_CONDITIONS = "DEBUG $(inherited)";
				SWIFT_OPTIMIZATION_LEVEL = "-Onone";
			};
			name = Debug;
		};
		C85D1D692B56AD07006F39B1 /* Release */ = {
			isa = XCBuildConfiguration;
			buildSettings = {
				ALWAYS_SEARCH_USER_PATHS = NO;
				ASSETCATALOG_COMPILER_GENERATE_SWIFT_ASSET_SYMBOL_EXTENSIONS = YES;
				CLANG_ANALYZER_NONNULL = YES;
				CLANG_ANALYZER_NUMBER_OBJECT_CONVERSION = YES_AGGRESSIVE;
				CLANG_CXX_LANGUAGE_STANDARD = "gnu++20";
				CLANG_ENABLE_MODULES = YES;
				CLANG_ENABLE_OBJC_ARC = YES;
				CLANG_ENABLE_OBJC_WEAK = YES;
				CLANG_WARN_BLOCK_CAPTURE_AUTORELEASING = YES;
				CLANG_WARN_BOOL_CONVERSION = YES;
				CLANG_WARN_COMMA = YES;
				CLANG_WARN_CONSTANT_CONVERSION = YES;
				CLANG_WARN_DEPRECATED_OBJC_IMPLEMENTATIONS = YES;
				CLANG_WARN_DIRECT_OBJC_ISA_USAGE = YES_ERROR;
				CLANG_WARN_DOCUMENTATION_COMMENTS = YES;
				CLANG_WARN_EMPTY_BODY = YES;
				CLANG_WARN_ENUM_CONVERSION = YES;
				CLANG_WARN_INFINITE_RECURSION = YES;
				CLANG_WARN_INT_CONVERSION = YES;
				CLANG_WARN_NON_LITERAL_NULL_CONVERSION = YES;
				CLANG_WARN_OBJC_IMPLICIT_RETAIN_SELF = YES;
				CLANG_WARN_OBJC_LITERAL_CONVERSION = YES;
				CLANG_WARN_OBJC_ROOT_CLASS = YES_ERROR;
				CLANG_WARN_QUOTED_INCLUDE_IN_FRAMEWORK_HEADER = YES;
				CLANG_WARN_RANGE_LOOP_ANALYSIS = YES;
				CLANG_WARN_STRICT_PROTOTYPES = YES;
				CLANG_WARN_SUSPICIOUS_MOVE = YES;
				CLANG_WARN_UNGUARDED_AVAILABILITY = YES_AGGRESSIVE;
				CLANG_WARN_UNREACHABLE_CODE = YES;
				CLANG_WARN__DUPLICATE_METHOD_MATCH = YES;
				COPY_PHASE_STRIP = NO;
				DEBUG_INFORMATION_FORMAT = "dwarf-with-dsym";
				ENABLE_NS_ASSERTIONS = NO;
				ENABLE_STRICT_OBJC_MSGSEND = YES;
				ENABLE_USER_SCRIPT_SANDBOXING = YES;
				GCC_C_LANGUAGE_STANDARD = gnu17;
				GCC_NO_COMMON_BLOCKS = YES;
				GCC_WARN_64_TO_32_BIT_CONVERSION = YES;
				GCC_WARN_ABOUT_RETURN_TYPE = YES_ERROR;
				GCC_WARN_UNDECLARED_SELECTOR = YES;
				GCC_WARN_UNINITIALIZED_AUTOS = YES_AGGRESSIVE;
				GCC_WARN_UNUSED_FUNCTION = YES;
				GCC_WARN_UNUSED_VARIABLE = YES;
				IPHONEOS_DEPLOYMENT_TARGET = 17.2;
				LOCALIZATION_PREFERS_STRING_CATALOGS = YES;
				MTL_ENABLE_DEBUG_INFO = NO;
				MTL_FAST_MATH = YES;
				SDKROOT = iphoneos;
				SWIFT_COMPILATION_MODE = wholemodule;
				VALIDATE_PRODUCT = YES;
			};
			name = Release;
		};
		C85D1D6B2B56AD07006F39B1 /* Debug */ = {
			isa = XCBuildConfiguration;
			buildSettings = {
				ASSETCATALOG_COMPILER_APPICON_NAME = AppIcon;
				ASSETCATALOG_COMPILER_GLOBAL_ACCENT_COLOR_NAME = AccentColor;
				CODE_SIGN_STYLE = Automatic;
				CURRENT_PROJECT_VERSION = 1;
				DEVELOPMENT_TEAM = 4W85KLPQDW;
				GENERATE_INFOPLIST_FILE = YES;
				INFOPLIST_FILE = ADVA/Resources/Info.plist;
				INFOPLIST_KEY_CFBundleDisplayName = ADVA;
				INFOPLIST_KEY_UIApplicationSupportsIndirectInputEvents = YES;
				INFOPLIST_KEY_UILaunchStoryboardName = LaunchScreen;
				INFOPLIST_KEY_UISupportedInterfaceOrientations_iPad = "UIInterfaceOrientationPortrait UIInterfaceOrientationPortraitUpsideDown UIInterfaceOrientationLandscapeLeft UIInterfaceOrientationLandscapeRight";
				INFOPLIST_KEY_UISupportedInterfaceOrientations_iPhone = "UIInterfaceOrientationPortrait UIInterfaceOrientationLandscapeLeft UIInterfaceOrientationLandscapeRight";
				IPHONEOS_DEPLOYMENT_TARGET = 15.0;
				LD_RUNPATH_SEARCH_PATHS = (
					"$(inherited)",
					"@executable_path/Frameworks",
				);
				MARKETING_VERSION = 1.0.0;
				PRODUCT_BUNDLE_IDENTIFIER = "com.ADVA-Task";
				PRODUCT_NAME = "$(TARGET_NAME)";
				SWIFT_EMIT_LOC_STRINGS = YES;
				SWIFT_VERSION = 5.0;
				TARGETED_DEVICE_FAMILY = "1,2";
			};
			name = Debug;
		};
		C85D1D6C2B56AD07006F39B1 /* Release */ = {
			isa = XCBuildConfiguration;
			buildSettings = {
				ASSETCATALOG_COMPILER_APPICON_NAME = AppIcon;
				ASSETCATALOG_COMPILER_GLOBAL_ACCENT_COLOR_NAME = AccentColor;
				CODE_SIGN_STYLE = Automatic;
				CURRENT_PROJECT_VERSION = 1;
				DEVELOPMENT_TEAM = 4W85KLPQDW;
				GENERATE_INFOPLIST_FILE = YES;
				INFOPLIST_FILE = ADVA/Resources/Info.plist;
				INFOPLIST_KEY_CFBundleDisplayName = ADVA;
				INFOPLIST_KEY_UIApplicationSupportsIndirectInputEvents = YES;
				INFOPLIST_KEY_UILaunchStoryboardName = LaunchScreen;
				INFOPLIST_KEY_UISupportedInterfaceOrientations_iPad = "UIInterfaceOrientationPortrait UIInterfaceOrientationPortraitUpsideDown UIInterfaceOrientationLandscapeLeft UIInterfaceOrientationLandscapeRight";
				INFOPLIST_KEY_UISupportedInterfaceOrientations_iPhone = "UIInterfaceOrientationPortrait UIInterfaceOrientationLandscapeLeft UIInterfaceOrientationLandscapeRight";
				IPHONEOS_DEPLOYMENT_TARGET = 15.0;
				LD_RUNPATH_SEARCH_PATHS = (
					"$(inherited)",
					"@executable_path/Frameworks",
				);
				MARKETING_VERSION = 1.0.0;
				PRODUCT_BUNDLE_IDENTIFIER = "com.ADVA-Task";
				PRODUCT_NAME = "$(TARGET_NAME)";
				SWIFT_EMIT_LOC_STRINGS = YES;
				SWIFT_VERSION = 5.0;
				TARGETED_DEVICE_FAMILY = "1,2";
			};
			name = Release;
		};
		C85D1D6E2B56AD07006F39B1 /* Debug */ = {
			isa = XCBuildConfiguration;
			buildSettings = {
				ALWAYS_EMBED_SWIFT_STANDARD_LIBRARIES = YES;
				BUNDLE_LOADER = "$(TEST_HOST)";
				CODE_SIGN_STYLE = Automatic;
				CURRENT_PROJECT_VERSION = 1;
				DEVELOPMENT_TEAM = 4W85KLPQDW;
				GENERATE_INFOPLIST_FILE = YES;
				IPHONEOS_DEPLOYMENT_TARGET = 17.2;
				MARKETING_VERSION = 1.0;
				PRODUCT_BUNDLE_IDENTIFIER = "com.ADVA-Task.ADVATests";
				PRODUCT_NAME = "$(TARGET_NAME)";
				SWIFT_EMIT_LOC_STRINGS = NO;
				SWIFT_VERSION = 5.0;
				TARGETED_DEVICE_FAMILY = "1,2";
				TEST_HOST = "$(BUILT_PRODUCTS_DIR)/ADVA.app/$(BUNDLE_EXECUTABLE_FOLDER_PATH)/ADVA";
			};
			name = Debug;
		};
		C85D1D6F2B56AD07006F39B1 /* Release */ = {
			isa = XCBuildConfiguration;
			buildSettings = {
				ALWAYS_EMBED_SWIFT_STANDARD_LIBRARIES = YES;
				BUNDLE_LOADER = "$(TEST_HOST)";
				CODE_SIGN_STYLE = Automatic;
				CURRENT_PROJECT_VERSION = 1;
				DEVELOPMENT_TEAM = 4W85KLPQDW;
				GENERATE_INFOPLIST_FILE = YES;
				IPHONEOS_DEPLOYMENT_TARGET = 17.2;
				MARKETING_VERSION = 1.0;
				PRODUCT_BUNDLE_IDENTIFIER = "com.ADVA-Task.ADVATests";
				PRODUCT_NAME = "$(TARGET_NAME)";
				SWIFT_EMIT_LOC_STRINGS = NO;
				SWIFT_VERSION = 5.0;
				TARGETED_DEVICE_FAMILY = "1,2";
				TEST_HOST = "$(BUILT_PRODUCTS_DIR)/ADVA.app/$(BUNDLE_EXECUTABLE_FOLDER_PATH)/ADVA";
			};
			name = Release;
		};
		C85D1D712B56AD07006F39B1 /* Debug */ = {
			isa = XCBuildConfiguration;
			buildSettings = {
				ALWAYS_EMBED_SWIFT_STANDARD_LIBRARIES = YES;
				CODE_SIGN_STYLE = Automatic;
				CURRENT_PROJECT_VERSION = 1;
				DEVELOPMENT_TEAM = 4W85KLPQDW;
				GENERATE_INFOPLIST_FILE = YES;
				MARKETING_VERSION = 1.0;
				PRODUCT_BUNDLE_IDENTIFIER = "com.ADVA-Task.ADVAUITests";
				PRODUCT_NAME = "$(TARGET_NAME)";
				SWIFT_EMIT_LOC_STRINGS = NO;
				SWIFT_VERSION = 5.0;
				TARGETED_DEVICE_FAMILY = "1,2";
				TEST_TARGET_NAME = ADVA;
			};
			name = Debug;
		};
		C85D1D722B56AD07006F39B1 /* Release */ = {
			isa = XCBuildConfiguration;
			buildSettings = {
				ALWAYS_EMBED_SWIFT_STANDARD_LIBRARIES = YES;
				CODE_SIGN_STYLE = Automatic;
				CURRENT_PROJECT_VERSION = 1;
				DEVELOPMENT_TEAM = 4W85KLPQDW;
				GENERATE_INFOPLIST_FILE = YES;
				MARKETING_VERSION = 1.0;
				PRODUCT_BUNDLE_IDENTIFIER = "com.ADVA-Task.ADVAUITests";
				PRODUCT_NAME = "$(TARGET_NAME)";
				SWIFT_EMIT_LOC_STRINGS = NO;
				SWIFT_VERSION = 5.0;
				TARGETED_DEVICE_FAMILY = "1,2";
				TEST_TARGET_NAME = ADVA;
			};
			name = Release;
		};
/* End XCBuildConfiguration section */

/* Begin XCConfigurationList section */
		C85D1D3B2B56AD06006F39B1 /* Build configuration list for PBXProject "ADVA" */ = {
			isa = XCConfigurationList;
			buildConfigurations = (
				C85D1D682B56AD07006F39B1 /* Debug */,
				C85D1D692B56AD07006F39B1 /* Release */,
			);
			defaultConfigurationIsVisible = 0;
			defaultConfigurationName = Release;
		};
		C85D1D6A2B56AD07006F39B1 /* Build configuration list for PBXNativeTarget "ADVA" */ = {
			isa = XCConfigurationList;
			buildConfigurations = (
				C85D1D6B2B56AD07006F39B1 /* Debug */,
				C85D1D6C2B56AD07006F39B1 /* Release */,
			);
			defaultConfigurationIsVisible = 0;
			defaultConfigurationName = Release;
		};
		C85D1D6D2B56AD07006F39B1 /* Build configuration list for PBXNativeTarget "ADVATests" */ = {
			isa = XCConfigurationList;
			buildConfigurations = (
				C85D1D6E2B56AD07006F39B1 /* Debug */,
				C85D1D6F2B56AD07006F39B1 /* Release */,
			);
			defaultConfigurationIsVisible = 0;
			defaultConfigurationName = Release;
		};
		C85D1D702B56AD07006F39B1 /* Build configuration list for PBXNativeTarget "ADVAUITests" */ = {
			isa = XCConfigurationList;
			buildConfigurations = (
				C85D1D712B56AD07006F39B1 /* Debug */,
				C85D1D722B56AD07006F39B1 /* Release */,
			);
			defaultConfigurationIsVisible = 0;
			defaultConfigurationName = Release;
		};
/* End XCConfigurationList section */

/* Begin XCRemoteSwiftPackageReference section */
		C85D1D8B2B56D70D006F39B1 /* XCRemoteSwiftPackageReference "RxSwift" */ = {
			isa = XCRemoteSwiftPackageReference;
			repositoryURL = "https://github.com/ReactiveX/RxSwift.git";
			requirement = {
				kind = upToNextMajorVersion;
				minimumVersion = 6.6.0;
			};
		};
		C85D1DB02B57CA05006F39B1 /* XCRemoteSwiftPackageReference "SDWebImage" */ = {
			isa = XCRemoteSwiftPackageReference;
			repositoryURL = "https://github.com/SDWebImage/SDWebImage";
			requirement = {
				kind = upToNextMajorVersion;
				minimumVersion = 5.18.10;
			};
		};
/* End XCRemoteSwiftPackageReference section */

/* Begin XCSwiftPackageProductDependency section */
		C85D1D8C2B56D70D006F39B1 /* RxCocoa */ = {
			isa = XCSwiftPackageProductDependency;
			package = C85D1D8B2B56D70D006F39B1 /* XCRemoteSwiftPackageReference "RxSwift" */;
			productName = RxCocoa;
		};
		C85D1D8E2B56D70D006F39B1 /* RxRelay */ = {
			isa = XCSwiftPackageProductDependency;
			package = C85D1D8B2B56D70D006F39B1 /* XCRemoteSwiftPackageReference "RxSwift" */;
			productName = RxRelay;
		};
		C85D1D902B56D70D006F39B1 /* RxSwift */ = {
			isa = XCSwiftPackageProductDependency;
			package = C85D1D8B2B56D70D006F39B1 /* XCRemoteSwiftPackageReference "RxSwift" */;
			productName = RxSwift;
		};
		C85D1DB12B57CA05006F39B1 /* SDWebImage */ = {
			isa = XCSwiftPackageProductDependency;
			package = C85D1DB02B57CA05006F39B1 /* XCRemoteSwiftPackageReference "SDWebImage" */;
			productName = SDWebImage;
		};
/* End XCSwiftPackageProductDependency section */
	};
	rootObject = C85D1D382B56AD06006F39B1 /* Project object */;
}
